// !$*UTF8*$!
{
	archiveVersion = 1;
	classes = {
	};
	objectVersion = 51;
	objects = {

/* Begin PBXBuildFile section */
		3AC31F9629D5F584BDD0412F /* Pods_MovieDBTests.framework in Frameworks */ = {isa = PBXBuildFile; fileRef = 58DA715F67715AB2F925D087 /* Pods_MovieDBTests.framework */; };
		AEB52901B101B2E16C0EEF96 /* Pods_MovieDB.framework in Frameworks */ = {isa = PBXBuildFile; fileRef = 7E7C8EBC4F7A7EBECD2BD18C /* Pods_MovieDB.framework */; settings = {ATTRIBUTES = (Weak, ); }; };
		B80C8EF07E5A9A1E18D9881C /* Pods_MovieDB_MovieDBUITests.framework in Frameworks */ = {isa = PBXBuildFile; fileRef = A9938042B5866E76DAEB4E93 /* Pods_MovieDB_MovieDBUITests.framework */; };
		E103DB17262FCD5100DA71B2 /* DetailMovieViewController.swift in Sources */ = {isa = PBXBuildFile; fileRef = E103DB16262FCD5100DA71B2 /* DetailMovieViewController.swift */; };
		E103DB272630242300DA71B2 /* ActorCollectionViewCell.swift in Sources */ = {isa = PBXBuildFile; fileRef = E103DB252630242300DA71B2 /* ActorCollectionViewCell.swift */; };
		E103DB282630242300DA71B2 /* ActorCollectionViewCell.xib in Resources */ = {isa = PBXBuildFile; fileRef = E103DB262630242300DA71B2 /* ActorCollectionViewCell.xib */; };
		E10C1FA22737AE2A00043728 /* MovieDetail.swift in Sources */ = {isa = PBXBuildFile; fileRef = E10C1FA12737AE2A00043728 /* MovieDetail.swift */; };
		E1105B0B27351F6E00F60DFE /* MovieResponse.swift in Sources */ = {isa = PBXBuildFile; fileRef = E1105B0A27351F6E00F60DFE /* MovieResponse.swift */; };
		E1105B0E27351FC300F60DFE /* NetworkManager.swift in Sources */ = {isa = PBXBuildFile; fileRef = E1105B0D27351FC300F60DFE /* NetworkManager.swift */; };
		E12CF5B0261F097900E62181 /* AppDelegate.swift in Sources */ = {isa = PBXBuildFile; fileRef = E12CF5AF261F097900E62181 /* AppDelegate.swift */; };
		E12CF5B2261F097900E62181 /* SceneDelegate.swift in Sources */ = {isa = PBXBuildFile; fileRef = E12CF5B1261F097900E62181 /* SceneDelegate.swift */; };
		E12CF5B4261F097900E62181 /* ViewController.swift in Sources */ = {isa = PBXBuildFile; fileRef = E12CF5B3261F097900E62181 /* ViewController.swift */; };
		E12CF5B7261F097900E62181 /* Main.storyboard in Resources */ = {isa = PBXBuildFile; fileRef = E12CF5B5261F097900E62181 /* Main.storyboard */; };
		E12CF5B9261F097B00E62181 /* Assets.xcassets in Resources */ = {isa = PBXBuildFile; fileRef = E12CF5B8261F097B00E62181 /* Assets.xcassets */; };
		E12CF5BC261F097B00E62181 /* LaunchScreen.storyboard in Resources */ = {isa = PBXBuildFile; fileRef = E12CF5BA261F097B00E62181 /* LaunchScreen.storyboard */; };
		E12CF5C7261F097B00E62181 /* MovieDBTests.swift in Sources */ = {isa = PBXBuildFile; fileRef = E12CF5C6261F097B00E62181 /* MovieDBTests.swift */; };
		E12CF5D2261F097B00E62181 /* MovieDBUITests.swift in Sources */ = {isa = PBXBuildFile; fileRef = E12CF5D1261F097B00E62181 /* MovieDBUITests.swift */; };
		E1520030273E606A00683180 /* ActorTableViewCell.swift in Sources */ = {isa = PBXBuildFile; fileRef = E152002E273E606A00683180 /* ActorTableViewCell.swift */; };
		E1520031273E606A00683180 /* ActorTableViewCell.xib in Resources */ = {isa = PBXBuildFile; fileRef = E152002F273E606A00683180 /* ActorTableViewCell.xib */; };
		E15F2022262E6B7000724928 /* MovieTableViewCell.swift in Sources */ = {isa = PBXBuildFile; fileRef = E15F2020262E6B7000724928 /* MovieTableViewCell.swift */; };
		E15F2023262E6B7000724928 /* MovieTableViewCell.xib in Resources */ = {isa = PBXBuildFile; fileRef = E15F2021262E6B7000724928 /* MovieTableViewCell.xib */; };
		E1708D04273A78B500D2DCD0 /* MovieSummaryTableViewCell.swift in Sources */ = {isa = PBXBuildFile; fileRef = E1708D02273A78B500D2DCD0 /* MovieSummaryTableViewCell.swift */; };
		E1708D05273A78B500D2DCD0 /* MovieSummaryTableViewCell.xib in Resources */ = {isa = PBXBuildFile; fileRef = E1708D03273A78B500D2DCD0 /* MovieSummaryTableViewCell.xib */; };
		E1CE54272738FF37001DDD7C /* MovieCredit.swift in Sources */ = {isa = PBXBuildFile; fileRef = E1CE54262738FF37001DDD7C /* MovieCredit.swift */; };
/* End PBXBuildFile section */

/* Begin PBXContainerItemProxy section */
		E12CF5C3261F097B00E62181 /* PBXContainerItemProxy */ = {
			isa = PBXContainerItemProxy;
			containerPortal = E12CF5A4261F097900E62181 /* Project object */;
			proxyType = 1;
			remoteGlobalIDString = E12CF5AB261F097900E62181;
			remoteInfo = MovieDB;
		};
		E12CF5CE261F097B00E62181 /* PBXContainerItemProxy */ = {
			isa = PBXContainerItemProxy;
			containerPortal = E12CF5A4261F097900E62181 /* Project object */;
			proxyType = 1;
			remoteGlobalIDString = E12CF5AB261F097900E62181;
			remoteInfo = MovieDB;
		};
/* End PBXContainerItemProxy section */

/* Begin PBXFileReference section */
		029E1E399EA43CE58429BA7C /* Pods-MovieDB.debug.xcconfig */ = {isa = PBXFileReference; includeInIndex = 1; lastKnownFileType = text.xcconfig; name = "Pods-MovieDB.debug.xcconfig"; path = "Target Support Files/Pods-MovieDB/Pods-MovieDB.debug.xcconfig"; sourceTree = "<group>"; };
		0F59261D8EC51D166EDF4B7F /* Pods-MovieDBTests.debug.xcconfig */ = {isa = PBXFileReference; includeInIndex = 1; lastKnownFileType = text.xcconfig; name = "Pods-MovieDBTests.debug.xcconfig"; path = "Target Support Files/Pods-MovieDBTests/Pods-MovieDBTests.debug.xcconfig"; sourceTree = "<group>"; };
		58DA715F67715AB2F925D087 /* Pods_MovieDBTests.framework */ = {isa = PBXFileReference; explicitFileType = wrapper.framework; includeInIndex = 0; path = Pods_MovieDBTests.framework; sourceTree = BUILT_PRODUCTS_DIR; };
		7E7C8EBC4F7A7EBECD2BD18C /* Pods_MovieDB.framework */ = {isa = PBXFileReference; explicitFileType = wrapper.framework; includeInIndex = 0; path = Pods_MovieDB.framework; sourceTree = BUILT_PRODUCTS_DIR; };
		A9938042B5866E76DAEB4E93 /* Pods_MovieDB_MovieDBUITests.framework */ = {isa = PBXFileReference; explicitFileType = wrapper.framework; includeInIndex = 0; path = Pods_MovieDB_MovieDBUITests.framework; sourceTree = BUILT_PRODUCTS_DIR; };
		AB651E7A13898A972175DB6A /* Pods-MovieDB-MovieDBUITests.release.xcconfig */ = {isa = PBXFileReference; includeInIndex = 1; lastKnownFileType = text.xcconfig; name = "Pods-MovieDB-MovieDBUITests.release.xcconfig"; path = "Target Support Files/Pods-MovieDB-MovieDBUITests/Pods-MovieDB-MovieDBUITests.release.xcconfig"; sourceTree = "<group>"; };
		BD4A60FE73E160AF69CDBDCB /* Pods-MovieDB.release.xcconfig */ = {isa = PBXFileReference; includeInIndex = 1; lastKnownFileType = text.xcconfig; name = "Pods-MovieDB.release.xcconfig"; path = "Target Support Files/Pods-MovieDB/Pods-MovieDB.release.xcconfig"; sourceTree = "<group>"; };
		BF2AD52F3F6F6A04504EC26B /* Pods-MovieDB-MovieDBUITests.debug.xcconfig */ = {isa = PBXFileReference; includeInIndex = 1; lastKnownFileType = text.xcconfig; name = "Pods-MovieDB-MovieDBUITests.debug.xcconfig"; path = "Target Support Files/Pods-MovieDB-MovieDBUITests/Pods-MovieDB-MovieDBUITests.debug.xcconfig"; sourceTree = "<group>"; };
		CCC6550DABC7860573F25EDF /* Pods-MovieDBTests.release.xcconfig */ = {isa = PBXFileReference; includeInIndex = 1; lastKnownFileType = text.xcconfig; name = "Pods-MovieDBTests.release.xcconfig"; path = "Target Support Files/Pods-MovieDBTests/Pods-MovieDBTests.release.xcconfig"; sourceTree = "<group>"; };
		E103DB16262FCD5100DA71B2 /* DetailMovieViewController.swift */ = {isa = PBXFileReference; lastKnownFileType = sourcecode.swift; path = DetailMovieViewController.swift; sourceTree = "<group>"; };
		E103DB252630242300DA71B2 /* ActorCollectionViewCell.swift */ = {isa = PBXFileReference; lastKnownFileType = sourcecode.swift; path = ActorCollectionViewCell.swift; sourceTree = "<group>"; };
		E103DB262630242300DA71B2 /* ActorCollectionViewCell.xib */ = {isa = PBXFileReference; lastKnownFileType = file.xib; path = ActorCollectionViewCell.xib; sourceTree = "<group>"; };
		E10C1FA12737AE2A00043728 /* MovieDetail.swift */ = {isa = PBXFileReference; lastKnownFileType = sourcecode.swift; path = MovieDetail.swift; sourceTree = "<group>"; };
		E1105B0A27351F6E00F60DFE /* MovieResponse.swift */ = {isa = PBXFileReference; lastKnownFileType = sourcecode.swift; path = MovieResponse.swift; sourceTree = "<group>"; };
		E1105B0D27351FC300F60DFE /* NetworkManager.swift */ = {isa = PBXFileReference; lastKnownFileType = sourcecode.swift; path = NetworkManager.swift; sourceTree = "<group>"; };
		E12CF5AC261F097900E62181 /* MovieDB.app */ = {isa = PBXFileReference; explicitFileType = wrapper.application; includeInIndex = 0; path = MovieDB.app; sourceTree = BUILT_PRODUCTS_DIR; };
		E12CF5AF261F097900E62181 /* AppDelegate.swift */ = {isa = PBXFileReference; lastKnownFileType = sourcecode.swift; path = AppDelegate.swift; sourceTree = "<group>"; };
		E12CF5B1261F097900E62181 /* SceneDelegate.swift */ = {isa = PBXFileReference; lastKnownFileType = sourcecode.swift; path = SceneDelegate.swift; sourceTree = "<group>"; };
		E12CF5B3261F097900E62181 /* ViewController.swift */ = {isa = PBXFileReference; lastKnownFileType = sourcecode.swift; path = ViewController.swift; sourceTree = "<group>"; };
		E12CF5B6261F097900E62181 /* Base */ = {isa = PBXFileReference; lastKnownFileType = file.storyboard; name = Base; path = Base.lproj/Main.storyboard; sourceTree = "<group>"; };
		E12CF5B8261F097B00E62181 /* Assets.xcassets */ = {isa = PBXFileReference; lastKnownFileType = folder.assetcatalog; path = Assets.xcassets; sourceTree = "<group>"; };
		E12CF5BB261F097B00E62181 /* Base */ = {isa = PBXFileReference; lastKnownFileType = file.storyboard; name = Base; path = Base.lproj/LaunchScreen.storyboard; sourceTree = "<group>"; };
		E12CF5BD261F097B00E62181 /* Info.plist */ = {isa = PBXFileReference; lastKnownFileType = text.plist.xml; path = Info.plist; sourceTree = "<group>"; };
		E12CF5C2261F097B00E62181 /* MovieDBTests.xctest */ = {isa = PBXFileReference; explicitFileType = wrapper.cfbundle; includeInIndex = 0; path = MovieDBTests.xctest; sourceTree = BUILT_PRODUCTS_DIR; };
		E12CF5C6261F097B00E62181 /* MovieDBTests.swift */ = {isa = PBXFileReference; lastKnownFileType = sourcecode.swift; path = MovieDBTests.swift; sourceTree = "<group>"; };
		E12CF5C8261F097B00E62181 /* Info.plist */ = {isa = PBXFileReference; lastKnownFileType = text.plist.xml; path = Info.plist; sourceTree = "<group>"; };
		E12CF5CD261F097B00E62181 /* MovieDBUITests.xctest */ = {isa = PBXFileReference; explicitFileType = wrapper.cfbundle; includeInIndex = 0; path = MovieDBUITests.xctest; sourceTree = BUILT_PRODUCTS_DIR; };
		E12CF5D1261F097B00E62181 /* MovieDBUITests.swift */ = {isa = PBXFileReference; lastKnownFileType = sourcecode.swift; path = MovieDBUITests.swift; sourceTree = "<group>"; };
		E12CF5D3261F097B00E62181 /* Info.plist */ = {isa = PBXFileReference; lastKnownFileType = text.plist.xml; path = Info.plist; sourceTree = "<group>"; };
		E152002E273E606A00683180 /* ActorTableViewCell.swift */ = {isa = PBXFileReference; lastKnownFileType = sourcecode.swift; path = ActorTableViewCell.swift; sourceTree = "<group>"; };
		E152002F273E606A00683180 /* ActorTableViewCell.xib */ = {isa = PBXFileReference; lastKnownFileType = file.xib; path = ActorTableViewCell.xib; sourceTree = "<group>"; };
		E15F2020262E6B7000724928 /* MovieTableViewCell.swift */ = {isa = PBXFileReference; lastKnownFileType = sourcecode.swift; path = MovieTableViewCell.swift; sourceTree = "<group>"; };
		E15F2021262E6B7000724928 /* MovieTableViewCell.xib */ = {isa = PBXFileReference; lastKnownFileType = file.xib; path = MovieTableViewCell.xib; sourceTree = "<group>"; };
		E1708D02273A78B500D2DCD0 /* MovieSummaryTableViewCell.swift */ = {isa = PBXFileReference; lastKnownFileType = sourcecode.swift; path = MovieSummaryTableViewCell.swift; sourceTree = "<group>"; };
		E1708D03273A78B500D2DCD0 /* MovieSummaryTableViewCell.xib */ = {isa = PBXFileReference; lastKnownFileType = file.xib; path = MovieSummaryTableViewCell.xib; sourceTree = "<group>"; };
		E1CE54262738FF37001DDD7C /* MovieCredit.swift */ = {isa = PBXFileReference; lastKnownFileType = sourcecode.swift; path = MovieCredit.swift; sourceTree = "<group>"; };
/* End PBXFileReference section */

/* Begin PBXFrameworksBuildPhase section */
		E12CF5A9261F097900E62181 /* Frameworks */ = {
			isa = PBXFrameworksBuildPhase;
			buildActionMask = 2147483647;
			files = (
				AEB52901B101B2E16C0EEF96 /* Pods_MovieDB.framework in Frameworks */,
			);
			runOnlyForDeploymentPostprocessing = 0;
		};
		E12CF5BF261F097B00E62181 /* Frameworks */ = {
			isa = PBXFrameworksBuildPhase;
			buildActionMask = 2147483647;
			files = (
				3AC31F9629D5F584BDD0412F /* Pods_MovieDBTests.framework in Frameworks */,
			);
			runOnlyForDeploymentPostprocessing = 0;
		};
		E12CF5CA261F097B00E62181 /* Frameworks */ = {
			isa = PBXFrameworksBuildPhase;
			buildActionMask = 2147483647;
			files = (
				B80C8EF07E5A9A1E18D9881C /* Pods_MovieDB_MovieDBUITests.framework in Frameworks */,
			);
			runOnlyForDeploymentPostprocessing = 0;
		};
/* End PBXFrameworksBuildPhase section */

/* Begin PBXGroup section */
		077EB9FF336BEF254B5F6578 /* Frameworks */ = {
			isa = PBXGroup;
			children = (
				7E7C8EBC4F7A7EBECD2BD18C /* Pods_MovieDB.framework */,
				A9938042B5866E76DAEB4E93 /* Pods_MovieDB_MovieDBUITests.framework */,
				58DA715F67715AB2F925D087 /* Pods_MovieDBTests.framework */,
			);
			name = Frameworks;
			sourceTree = "<group>";
		};
		D10D2A0AE512863C6AC3F507 /* Pods */ = {
			isa = PBXGroup;
			children = (
				029E1E399EA43CE58429BA7C /* Pods-MovieDB.debug.xcconfig */,
				BD4A60FE73E160AF69CDBDCB /* Pods-MovieDB.release.xcconfig */,
				BF2AD52F3F6F6A04504EC26B /* Pods-MovieDB-MovieDBUITests.debug.xcconfig */,
				AB651E7A13898A972175DB6A /* Pods-MovieDB-MovieDBUITests.release.xcconfig */,
				0F59261D8EC51D166EDF4B7F /* Pods-MovieDBTests.debug.xcconfig */,
				CCC6550DABC7860573F25EDF /* Pods-MovieDBTests.release.xcconfig */,
			);
			path = Pods;
			sourceTree = "<group>";
		};
		E1105B092735052800F60DFE /* Models */ = {
			isa = PBXGroup;
			children = (
				E1105B0A27351F6E00F60DFE /* MovieResponse.swift */,
				E10C1FA12737AE2A00043728 /* MovieDetail.swift */,
				E1CE54262738FF37001DDD7C /* MovieCredit.swift */,
			);
			path = Models;
			sourceTree = "<group>";
		};
		E1105B0C27351FAD00F60DFE /* Network */ = {
			isa = PBXGroup;
			children = (
				E1105B0D27351FC300F60DFE /* NetworkManager.swift */,
			);
			path = Network;
			sourceTree = "<group>";
		};
		E12CF5A3261F097900E62181 = {
			isa = PBXGroup;
			children = (
				E12CF5AE261F097900E62181 /* MovieDB */,
				E12CF5C5261F097B00E62181 /* MovieDBTests */,
				E12CF5D0261F097B00E62181 /* MovieDBUITests */,
				E12CF5AD261F097900E62181 /* Products */,
				D10D2A0AE512863C6AC3F507 /* Pods */,
				077EB9FF336BEF254B5F6578 /* Frameworks */,
			);
			sourceTree = "<group>";
		};
		E12CF5AD261F097900E62181 /* Products */ = {
			isa = PBXGroup;
			children = (
				E12CF5AC261F097900E62181 /* MovieDB.app */,
				E12CF5C2261F097B00E62181 /* MovieDBTests.xctest */,
				E12CF5CD261F097B00E62181 /* MovieDBUITests.xctest */,
			);
			name = Products;
			sourceTree = "<group>";
		};
		E12CF5AE261F097900E62181 /* MovieDB */ = {
			isa = PBXGroup;
			children = (
				E1708D01273A783200D2DCD0 /* MovieDetail */,
				E1105B0C27351FAD00F60DFE /* Network */,
				E1105B092735052800F60DFE /* Models */,
				E12CF5AF261F097900E62181 /* AppDelegate.swift */,
				E12CF5B1261F097900E62181 /* SceneDelegate.swift */,
				E12CF5B3261F097900E62181 /* ViewController.swift */,
				E12CF5B5261F097900E62181 /* Main.storyboard */,
				E12CF5B8261F097B00E62181 /* Assets.xcassets */,
				E12CF5BA261F097B00E62181 /* LaunchScreen.storyboard */,
				E12CF5BD261F097B00E62181 /* Info.plist */,
				E15F2020262E6B7000724928 /* MovieTableViewCell.swift */,
				E15F2021262E6B7000724928 /* MovieTableViewCell.xib */,
				E103DB16262FCD5100DA71B2 /* DetailMovieViewController.swift */,
				E103DB252630242300DA71B2 /* ActorCollectionViewCell.swift */,
				E103DB262630242300DA71B2 /* ActorCollectionViewCell.xib */,
			);
			path = MovieDB;
			sourceTree = "<group>";
		};
		E12CF5C5261F097B00E62181 /* MovieDBTests */ = {
			isa = PBXGroup;
			children = (
				E12CF5C6261F097B00E62181 /* MovieDBTests.swift */,
				E12CF5C8261F097B00E62181 /* Info.plist */,
			);
			path = MovieDBTests;
			sourceTree = "<group>";
		};
		E12CF5D0261F097B00E62181 /* MovieDBUITests */ = {
			isa = PBXGroup;
			children = (
				E12CF5D1261F097B00E62181 /* MovieDBUITests.swift */,
				E12CF5D3261F097B00E62181 /* Info.plist */,
			);
			path = MovieDBUITests;
			sourceTree = "<group>";
		};
		E1708D01273A783200D2DCD0 /* MovieDetail */ = {
			isa = PBXGroup;
			children = (
				E1708D02273A78B500D2DCD0 /* MovieSummaryTableViewCell.swift */,
				E1708D03273A78B500D2DCD0 /* MovieSummaryTableViewCell.xib */,
				E152002E273E606A00683180 /* ActorTableViewCell.swift */,
				E152002F273E606A00683180 /* ActorTableViewCell.xib */,
			);
			path = MovieDetail;
			sourceTree = "<group>";
		};
/* End PBXGroup section */

/* Begin PBXNativeTarget section */
		E12CF5AB261F097900E62181 /* MovieDB */ = {
			isa = PBXNativeTarget;
			buildConfigurationList = E12CF5D6261F097B00E62181 /* Build configuration list for PBXNativeTarget "MovieDB" */;
			buildPhases = (
				84600D158E989FA037EEBDAA /* [CP] Check Pods Manifest.lock */,
				E12CF5A8261F097900E62181 /* Sources */,
				E12CF5A9261F097900E62181 /* Frameworks */,
				E12CF5AA261F097900E62181 /* Resources */,
				A645E52E2A5169F3E82516B9 /* [CP] Embed Pods Frameworks */,
			);
			buildRules = (
			);
			dependencies = (
			);
			name = MovieDB;
			productName = MovieDB;
			productReference = E12CF5AC261F097900E62181 /* MovieDB.app */;
			productType = "com.apple.product-type.application";
		};
		E12CF5C1261F097B00E62181 /* MovieDBTests */ = {
			isa = PBXNativeTarget;
			buildConfigurationList = E12CF5D9261F097B00E62181 /* Build configuration list for PBXNativeTarget "MovieDBTests" */;
			buildPhases = (
				B1BDE7213238935A71B3F01C /* [CP] Check Pods Manifest.lock */,
				E12CF5BE261F097B00E62181 /* Sources */,
				E12CF5BF261F097B00E62181 /* Frameworks */,
				E12CF5C0261F097B00E62181 /* Resources */,
			);
			buildRules = (
			);
			dependencies = (
				E12CF5C4261F097B00E62181 /* PBXTargetDependency */,
			);
			name = MovieDBTests;
			productName = MovieDBTests;
			productReference = E12CF5C2261F097B00E62181 /* MovieDBTests.xctest */;
			productType = "com.apple.product-type.bundle.unit-test";
		};
		E12CF5CC261F097B00E62181 /* MovieDBUITests */ = {
			isa = PBXNativeTarget;
			buildConfigurationList = E12CF5DC261F097B00E62181 /* Build configuration list for PBXNativeTarget "MovieDBUITests" */;
			buildPhases = (
				696415F9C0C414CF1204B27F /* [CP] Check Pods Manifest.lock */,
				E12CF5C9261F097B00E62181 /* Sources */,
				E12CF5CA261F097B00E62181 /* Frameworks */,
				E12CF5CB261F097B00E62181 /* Resources */,
				62400EE7129D018B39F3689E /* [CP] Embed Pods Frameworks */,
			);
			buildRules = (
			);
			dependencies = (
				E12CF5CF261F097B00E62181 /* PBXTargetDependency */,
			);
			name = MovieDBUITests;
			productName = MovieDBUITests;
			productReference = E12CF5CD261F097B00E62181 /* MovieDBUITests.xctest */;
			productType = "com.apple.product-type.bundle.ui-testing";
		};
/* End PBXNativeTarget section */

/* Begin PBXProject section */
		E12CF5A4261F097900E62181 /* Project object */ = {
			isa = PBXProject;
			attributes = {
				LastSwiftUpdateCheck = 1240;
				LastUpgradeCheck = 1240;
				TargetAttributes = {
					E12CF5AB261F097900E62181 = {
						CreatedOnToolsVersion = 12.4;
					};
					E12CF5C1261F097B00E62181 = {
						CreatedOnToolsVersion = 12.4;
						TestTargetID = E12CF5AB261F097900E62181;
					};
					E12CF5CC261F097B00E62181 = {
						CreatedOnToolsVersion = 12.4;
						TestTargetID = E12CF5AB261F097900E62181;
					};
				};
			};
			buildConfigurationList = E12CF5A7261F097900E62181 /* Build configuration list for PBXProject "MovieDB" */;
			compatibilityVersion = "Xcode 9.3";
			developmentRegion = en;
			hasScannedForEncodings = 0;
			knownRegions = (
				en,
				Base,
			);
			mainGroup = E12CF5A3261F097900E62181;
			productRefGroup = E12CF5AD261F097900E62181 /* Products */;
			projectDirPath = "";
			projectRoot = "";
			targets = (
				E12CF5AB261F097900E62181 /* MovieDB */,
				E12CF5C1261F097B00E62181 /* MovieDBTests */,
				E12CF5CC261F097B00E62181 /* MovieDBUITests */,
			);
		};
/* End PBXProject section */

/* Begin PBXResourcesBuildPhase section */
		E12CF5AA261F097900E62181 /* Resources */ = {
			isa = PBXResourcesBuildPhase;
			buildActionMask = 2147483647;
			files = (
				E103DB282630242300DA71B2 /* ActorCollectionViewCell.xib in Resources */,
				E1708D05273A78B500D2DCD0 /* MovieSummaryTableViewCell.xib in Resources */,
				E1520031273E606A00683180 /* ActorTableViewCell.xib in Resources */,
				E12CF5BC261F097B00E62181 /* LaunchScreen.storyboard in Resources */,
				E12CF5B9261F097B00E62181 /* Assets.xcassets in Resources */,
				E15F2023262E6B7000724928 /* MovieTableViewCell.xib in Resources */,
				E12CF5B7261F097900E62181 /* Main.storyboard in Resources */,
			);
			runOnlyForDeploymentPostprocessing = 0;
		};
		E12CF5C0261F097B00E62181 /* Resources */ = {
			isa = PBXResourcesBuildPhase;
			buildActionMask = 2147483647;
			files = (
			);
			runOnlyForDeploymentPostprocessing = 0;
		};
		E12CF5CB261F097B00E62181 /* Resources */ = {
			isa = PBXResourcesBuildPhase;
			buildActionMask = 2147483647;
			files = (
			);
			runOnlyForDeploymentPostprocessing = 0;
		};
/* End PBXResourcesBuildPhase section */

/* Begin PBXShellScriptBuildPhase section */
		62400EE7129D018B39F3689E /* [CP] Embed Pods Frameworks */ = {
			isa = PBXShellScriptBuildPhase;
			buildActionMask = 2147483647;
			files = (
			);
			inputFileListPaths = (
				"${PODS_ROOT}/Target Support Files/Pods-MovieDB-MovieDBUITests/Pods-MovieDB-MovieDBUITests-frameworks-${CONFIGURATION}-input-files.xcfilelist",
			);
			name = "[CP] Embed Pods Frameworks";
			outputFileListPaths = (
				"${PODS_ROOT}/Target Support Files/Pods-MovieDB-MovieDBUITests/Pods-MovieDB-MovieDBUITests-frameworks-${CONFIGURATION}-output-files.xcfilelist",
			);
			runOnlyForDeploymentPostprocessing = 0;
			shellPath = /bin/sh;
			shellScript = "\"${PODS_ROOT}/Target Support Files/Pods-MovieDB-MovieDBUITests/Pods-MovieDB-MovieDBUITests-frameworks.sh\"\n";
			showEnvVarsInLog = 0;
		};
		696415F9C0C414CF1204B27F /* [CP] Check Pods Manifest.lock */ = {
			isa = PBXShellScriptBuildPhase;
			buildActionMask = 2147483647;
			files = (
			);
			inputFileListPaths = (
			);
			inputPaths = (
				"${PODS_PODFILE_DIR_PATH}/Podfile.lock",
				"${PODS_ROOT}/Manifest.lock",
			);
			name = "[CP] Check Pods Manifest.lock";
			outputFileListPaths = (
			);
			outputPaths = (
				"$(DERIVED_FILE_DIR)/Pods-MovieDB-MovieDBUITests-checkManifestLockResult.txt",
			);
			runOnlyForDeploymentPostprocessing = 0;
			shellPath = /bin/sh;
			shellScript = "diff \"${PODS_PODFILE_DIR_PATH}/Podfile.lock\" \"${PODS_ROOT}/Manifest.lock\" > /dev/null\nif [ $? != 0 ] ; then\n    # print error to STDERR\n    echo \"error: The sandbox is not in sync with the Podfile.lock. Run 'pod install' or update your CocoaPods installation.\" >&2\n    exit 1\nfi\n# This output is used by Xcode 'outputs' to avoid re-running this script phase.\necho \"SUCCESS\" > \"${SCRIPT_OUTPUT_FILE_0}\"\n";
			showEnvVarsInLog = 0;
		};
		84600D158E989FA037EEBDAA /* [CP] Check Pods Manifest.lock */ = {
			isa = PBXShellScriptBuildPhase;
			buildActionMask = 2147483647;
			files = (
			);
			inputFileListPaths = (
			);
			inputPaths = (
				"${PODS_PODFILE_DIR_PATH}/Podfile.lock",
				"${PODS_ROOT}/Manifest.lock",
			);
			name = "[CP] Check Pods Manifest.lock";
			outputFileListPaths = (
			);
			outputPaths = (
				"$(DERIVED_FILE_DIR)/Pods-MovieDB-checkManifestLockResult.txt",
			);
			runOnlyForDeploymentPostprocessing = 0;
			shellPath = /bin/sh;
			shellScript = "diff \"${PODS_PODFILE_DIR_PATH}/Podfile.lock\" \"${PODS_ROOT}/Manifest.lock\" > /dev/null\nif [ $? != 0 ] ; then\n    # print error to STDERR\n    echo \"error: The sandbox is not in sync with the Podfile.lock. Run 'pod install' or update your CocoaPods installation.\" >&2\n    exit 1\nfi\n# This output is used by Xcode 'outputs' to avoid re-running this script phase.\necho \"SUCCESS\" > \"${SCRIPT_OUTPUT_FILE_0}\"\n";
			showEnvVarsInLog = 0;
		};
		A645E52E2A5169F3E82516B9 /* [CP] Embed Pods Frameworks */ = {
			isa = PBXShellScriptBuildPhase;
			buildActionMask = 2147483647;
			files = (
			);
			inputFileListPaths = (
				"${PODS_ROOT}/Target Support Files/Pods-MovieDB/Pods-MovieDB-frameworks-${CONFIGURATION}-input-files.xcfilelist",
			);
			name = "[CP] Embed Pods Frameworks";
			outputFileListPaths = (
				"${PODS_ROOT}/Target Support Files/Pods-MovieDB/Pods-MovieDB-frameworks-${CONFIGURATION}-output-files.xcfilelist",
			);
			runOnlyForDeploymentPostprocessing = 0;
			shellPath = /bin/sh;
			shellScript = "\"${PODS_ROOT}/Target Support Files/Pods-MovieDB/Pods-MovieDB-frameworks.sh\"\n";
			showEnvVarsInLog = 0;
		};
		B1BDE7213238935A71B3F01C /* [CP] Check Pods Manifest.lock */ = {
			isa = PBXShellScriptBuildPhase;
			buildActionMask = 2147483647;
			files = (
			);
			inputFileListPaths = (
			);
			inputPaths = (
				"${PODS_PODFILE_DIR_PATH}/Podfile.lock",
				"${PODS_ROOT}/Manifest.lock",
			);
			name = "[CP] Check Pods Manifest.lock";
			outputFileListPaths = (
			);
			outputPaths = (
				"$(DERIVED_FILE_DIR)/Pods-MovieDBTests-checkManifestLockResult.txt",
			);
			runOnlyForDeploymentPostprocessing = 0;
			shellPath = /bin/sh;
			shellScript = "diff \"${PODS_PODFILE_DIR_PATH}/Podfile.lock\" \"${PODS_ROOT}/Manifest.lock\" > /dev/null\nif [ $? != 0 ] ; then\n    # print error to STDERR\n    echo \"error: The sandbox is not in sync with the Podfile.lock. Run 'pod install' or update your CocoaPods installation.\" >&2\n    exit 1\nfi\n# This output is used by Xcode 'outputs' to avoid re-running this script phase.\necho \"SUCCESS\" > \"${SCRIPT_OUTPUT_FILE_0}\"\n";
			showEnvVarsInLog = 0;
		};
/* End PBXShellScriptBuildPhase section */

/* Begin PBXSourcesBuildPhase section */
		E12CF5A8261F097900E62181 /* Sources */ = {
			isa = PBXSourcesBuildPhase;
			buildActionMask = 2147483647;
			files = (
				E1105B0B27351F6E00F60DFE /* MovieResponse.swift in Sources */,
				E12CF5B4261F097900E62181 /* ViewController.swift in Sources */,
				E1CE54272738FF37001DDD7C /* MovieCredit.swift in Sources */,
				E12CF5B0261F097900E62181 /* AppDelegate.swift in Sources */,
				E10C1FA22737AE2A00043728 /* MovieDetail.swift in Sources */,
				E1708D04273A78B500D2DCD0 /* MovieSummaryTableViewCell.swift in Sources */,
				E15F2022262E6B7000724928 /* MovieTableViewCell.swift in Sources */,
				E1520030273E606A00683180 /* ActorTableViewCell.swift in Sources */,
				E1105B0E27351FC300F60DFE /* NetworkManager.swift in Sources */,
				E103DB17262FCD5100DA71B2 /* DetailMovieViewController.swift in Sources */,
				E103DB272630242300DA71B2 /* ActorCollectionViewCell.swift in Sources */,
				E12CF5B2261F097900E62181 /* SceneDelegate.swift in Sources */,
			);
			runOnlyForDeploymentPostprocessing = 0;
		};
		E12CF5BE261F097B00E62181 /* Sources */ = {
			isa = PBXSourcesBuildPhase;
			buildActionMask = 2147483647;
			files = (
				E12CF5C7261F097B00E62181 /* MovieDBTests.swift in Sources */,
			);
			runOnlyForDeploymentPostprocessing = 0;
		};
		E12CF5C9261F097B00E62181 /* Sources */ = {
			isa = PBXSourcesBuildPhase;
			buildActionMask = 2147483647;
			files = (
				E12CF5D2261F097B00E62181 /* MovieDBUITests.swift in Sources */,
			);
			runOnlyForDeploymentPostprocessing = 0;
		};
/* End PBXSourcesBuildPhase section */

/* Begin PBXTargetDependency section */
		E12CF5C4261F097B00E62181 /* PBXTargetDependency */ = {
			isa = PBXTargetDependency;
			target = E12CF5AB261F097900E62181 /* MovieDB */;
			targetProxy = E12CF5C3261F097B00E62181 /* PBXContainerItemProxy */;
		};
		E12CF5CF261F097B00E62181 /* PBXTargetDependency */ = {
			isa = PBXTargetDependency;
			target = E12CF5AB261F097900E62181 /* MovieDB */;
			targetProxy = E12CF5CE261F097B00E62181 /* PBXContainerItemProxy */;
		};
/* End PBXTargetDependency section */

/* Begin PBXVariantGroup section */
		E12CF5B5261F097900E62181 /* Main.storyboard */ = {
			isa = PBXVariantGroup;
			children = (
				E12CF5B6261F097900E62181 /* Base */,
			);
			name = Main.storyboard;
			sourceTree = "<group>";
		};
		E12CF5BA261F097B00E62181 /* LaunchScreen.storyboard */ = {
			isa = PBXVariantGroup;
			children = (
				E12CF5BB261F097B00E62181 /* Base */,
			);
			name = LaunchScreen.storyboard;
			sourceTree = "<group>";
		};
/* End PBXVariantGroup section */

/* Begin XCBuildConfiguration section */
		E12CF5D4261F097B00E62181 /* Debug */ = {
			isa = XCBuildConfiguration;
			buildSettings = {
				ALWAYS_SEARCH_USER_PATHS = NO;
				CLANG_ANALYZER_NONNULL = YES;
				CLANG_ANALYZER_NUMBER_OBJECT_CONVERSION = YES_AGGRESSIVE;
				CLANG_CXX_LANGUAGE_STANDARD = "gnu++14";
				CLANG_CXX_LIBRARY = "libc++";
				CLANG_ENABLE_MODULES = YES;
				CLANG_ENABLE_OBJC_ARC = YES;
				CLANG_ENABLE_OBJC_WEAK = YES;
				CLANG_WARN_BLOCK_CAPTURE_AUTORELEASING = YES;
				CLANG_WARN_BOOL_CONVERSION = YES;
				CLANG_WARN_COMMA = YES;
				CLANG_WARN_CONSTANT_CONVERSION = YES;
				CLANG_WARN_DEPRECATED_OBJC_IMPLEMENTATIONS = YES;
				CLANG_WARN_DIRECT_OBJC_ISA_USAGE = YES_ERROR;
				CLANG_WARN_DOCUMENTATION_COMMENTS = YES;
				CLANG_WARN_EMPTY_BODY = YES;
				CLANG_WARN_ENUM_CONVERSION = YES;
				CLANG_WARN_INFINITE_RECURSION = YES;
				CLANG_WARN_INT_CONVERSION = YES;
				CLANG_WARN_NON_LITERAL_NULL_CONVERSION = YES;
				CLANG_WARN_OBJC_IMPLICIT_RETAIN_SELF = YES;
				CLANG_WARN_OBJC_LITERAL_CONVERSION = YES;
				CLANG_WARN_OBJC_ROOT_CLASS = YES_ERROR;
				CLANG_WARN_QUOTED_INCLUDE_IN_FRAMEWORK_HEADER = YES;
				CLANG_WARN_RANGE_LOOP_ANALYSIS = YES;
				CLANG_WARN_STRICT_PROTOTYPES = YES;
				CLANG_WARN_SUSPICIOUS_MOVE = YES;
				CLANG_WARN_UNGUARDED_AVAILABILITY = YES_AGGRESSIVE;
				CLANG_WARN_UNREACHABLE_CODE = YES;
				CLANG_WARN__DUPLICATE_METHOD_MATCH = YES;
				COPY_PHASE_STRIP = NO;
				DEBUG_INFORMATION_FORMAT = dwarf;
				ENABLE_STRICT_OBJC_MSGSEND = YES;
				ENABLE_TESTABILITY = YES;
				GCC_C_LANGUAGE_STANDARD = gnu11;
				GCC_DYNAMIC_NO_PIC = NO;
				GCC_NO_COMMON_BLOCKS = YES;
				GCC_OPTIMIZATION_LEVEL = 0;
				GCC_PREPROCESSOR_DEFINITIONS = (
					"DEBUG=1",
					"$(inherited)",
				);
				GCC_WARN_64_TO_32_BIT_CONVERSION = YES;
				GCC_WARN_ABOUT_RETURN_TYPE = YES_ERROR;
				GCC_WARN_UNDECLARED_SELECTOR = YES;
				GCC_WARN_UNINITIALIZED_AUTOS = YES_AGGRESSIVE;
				GCC_WARN_UNUSED_FUNCTION = YES;
				GCC_WARN_UNUSED_VARIABLE = YES;
				IPHONEOS_DEPLOYMENT_TARGET = 14.4;
				MTL_ENABLE_DEBUG_INFO = INCLUDE_SOURCE;
				MTL_FAST_MATH = YES;
				ONLY_ACTIVE_ARCH = YES;
				SDKROOT = iphoneos;
				SWIFT_ACTIVE_COMPILATION_CONDITIONS = DEBUG;
				SWIFT_OPTIMIZATION_LEVEL = "-Onone";
			};
			name = Debug;
		};
		E12CF5D5261F097B00E62181 /* Release */ = {
			isa = XCBuildConfiguration;
			buildSettings = {
				ALWAYS_SEARCH_USER_PATHS = NO;
				CLANG_ANALYZER_NONNULL = YES;
				CLANG_ANALYZER_NUMBER_OBJECT_CONVERSION = YES_AGGRESSIVE;
				CLANG_CXX_LANGUAGE_STANDARD = "gnu++14";
				CLANG_CXX_LIBRARY = "libc++";
				CLANG_ENABLE_MODULES = YES;
				CLANG_ENABLE_OBJC_ARC = YES;
				CLANG_ENABLE_OBJC_WEAK = YES;
				CLANG_WARN_BLOCK_CAPTURE_AUTORELEASING = YES;
				CLANG_WARN_BOOL_CONVERSION = YES;
				CLANG_WARN_COMMA = YES;
				CLANG_WARN_CONSTANT_CONVERSION = YES;
				CLANG_WARN_DEPRECATED_OBJC_IMPLEMENTATIONS = YES;
				CLANG_WARN_DIRECT_OBJC_ISA_USAGE = YES_ERROR;
				CLANG_WARN_DOCUMENTATION_COMMENTS = YES;
				CLANG_WARN_EMPTY_BODY = YES;
				CLANG_WARN_ENUM_CONVERSION = YES;
				CLANG_WARN_INFINITE_RECURSION = YES;
				CLANG_WARN_INT_CONVERSION = YES;
				CLANG_WARN_NON_LITERAL_NULL_CONVERSION = YES;
				CLANG_WARN_OBJC_IMPLICIT_RETAIN_SELF = YES;
				CLANG_WARN_OBJC_LITERAL_CONVERSION = YES;
				CLANG_WARN_OBJC_ROOT_CLASS = YES_ERROR;
				CLANG_WARN_QUOTED_INCLUDE_IN_FRAMEWORK_HEADER = YES;
				CLANG_WARN_RANGE_LOOP_ANALYSIS = YES;
				CLANG_WARN_STRICT_PROTOTYPES = YES;
				CLANG_WARN_SUSPICIOUS_MOVE = YES;
				CLANG_WARN_UNGUARDED_AVAILABILITY = YES_AGGRESSIVE;
				CLANG_WARN_UNREACHABLE_CODE = YES;
				CLANG_WARN__DUPLICATE_METHOD_MATCH = YES;
				COPY_PHASE_STRIP = NO;
				DEBUG_INFORMATION_FORMAT = "dwarf-with-dsym";
				ENABLE_NS_ASSERTIONS = NO;
				ENABLE_STRICT_OBJC_MSGSEND = YES;
				GCC_C_LANGUAGE_STANDARD = gnu11;
				GCC_NO_COMMON_BLOCKS = YES;
				GCC_WARN_64_TO_32_BIT_CONVERSION = YES;
				GCC_WARN_ABOUT_RETURN_TYPE = YES_ERROR;
				GCC_WARN_UNDECLARED_SELECTOR = YES;
				GCC_WARN_UNINITIALIZED_AUTOS = YES_AGGRESSIVE;
				GCC_WARN_UNUSED_FUNCTION = YES;
				GCC_WARN_UNUSED_VARIABLE = YES;
				IPHONEOS_DEPLOYMENT_TARGET = 14.4;
				MTL_ENABLE_DEBUG_INFO = NO;
				MTL_FAST_MATH = YES;
				SDKROOT = iphoneos;
				SWIFT_COMPILATION_MODE = wholemodule;
				SWIFT_OPTIMIZATION_LEVEL = "-O";
				VALIDATE_PRODUCT = YES;
			};
			name = Release;
		};
		E12CF5D7261F097B00E62181 /* Debug */ = {
			isa = XCBuildConfiguration;
			baseConfigurationReference = 029E1E399EA43CE58429BA7C /* Pods-MovieDB.debug.xcconfig */;
			buildSettings = {
				ASSETCATALOG_COMPILER_APPICON_NAME = AppIcon;
				ASSETCATALOG_COMPILER_GLOBAL_ACCENT_COLOR_NAME = AccentColor;
				CODE_SIGN_STYLE = Automatic;
				DEVELOPMENT_TEAM = 26L7V32673;
				INFOPLIST_FILE = MovieDB/Info.plist;
				LD_RUNPATH_SEARCH_PATHS = (
					"$(inherited)",
					"@executable_path/Frameworks",
				);
				PRODUCT_BUNDLE_IDENTIFIER = com.aufashiddiq.MovieDB;
				PRODUCT_NAME = "$(TARGET_NAME)";
				SWIFT_VERSION = 5.0;
				TARGETED_DEVICE_FAMILY = "1,2";
			};
			name = Debug;
		};
		E12CF5D8261F097B00E62181 /* Release */ = {
			isa = XCBuildConfiguration;
			baseConfigurationReference = BD4A60FE73E160AF69CDBDCB /* Pods-MovieDB.release.xcconfig */;
			buildSettings = {
				ASSETCATALOG_COMPILER_APPICON_NAME = AppIcon;
				ASSETCATALOG_COMPILER_GLOBAL_ACCENT_COLOR_NAME = AccentColor;
				CODE_SIGN_STYLE = Automatic;
				DEVELOPMENT_TEAM = 26L7V32673;
				INFOPLIST_FILE = MovieDB/Info.plist;
				LD_RUNPATH_SEARCH_PATHS = (
					"$(inherited)",
					"@executable_path/Frameworks",
				);
				PRODUCT_BUNDLE_IDENTIFIER = com.aufashiddiq.MovieDB;
				PRODUCT_NAME = "$(TARGET_NAME)";
				SWIFT_VERSION = 5.0;
				TARGETED_DEVICE_FAMILY = "1,2";
			};
			name = Release;
		};
		E12CF5DA261F097B00E62181 /* Debug */ = {
			isa = XCBuildConfiguration;
			baseConfigurationReference = 0F59261D8EC51D166EDF4B7F /* Pods-MovieDBTests.debug.xcconfig */;
			buildSettings = {
				ALWAYS_EMBED_SWIFT_STANDARD_LIBRARIES = YES;
				BUNDLE_LOADER = "$(TEST_HOST)";
				CODE_SIGN_STYLE = Automatic;
				DEVELOPMENT_TEAM = 26L7V32673;
				INFOPLIST_FILE = MovieDBTests/Info.plist;
				IPHONEOS_DEPLOYMENT_TARGET = 14.4;
				LD_RUNPATH_SEARCH_PATHS = (
					"$(inherited)",
					"@executable_path/Frameworks",
					"@loader_path/Frameworks",
				);
				PRODUCT_BUNDLE_IDENTIFIER = com.aufashiddiq.MovieDBTests;
				PRODUCT_NAME = "$(TARGET_NAME)";
				SWIFT_VERSION = 5.0;
				TARGETED_DEVICE_FAMILY = "1,2";
				TEST_HOST = "$(BUILT_PRODUCTS_DIR)/MovieDB.app/MovieDB";
			};
			name = Debug;
		};
		E12CF5DB261F097B00E62181 /* Release */ = {
			isa = XCBuildConfiguration;
			baseConfigurationReference = CCC6550DABC7860573F25EDF /* Pods-MovieDBTests.release.xcconfig */;
			buildSettings = {
				ALWAYS_EMBED_SWIFT_STANDARD_LIBRARIES = YES;
				BUNDLE_LOADER = "$(TEST_HOST)";
				CODE_SIGN_STYLE = Automatic;
				DEVELOPMENT_TEAM = 26L7V32673;
				INFOPLIST_FILE = MovieDBTests/Info.plist;
				IPHONEOS_DEPLOYMENT_TARGET = 14.4;
				LD_RUNPATH_SEARCH_PATHS = (
					"$(inherited)",
					"@executable_path/Frameworks",
					"@loader_path/Frameworks",
				);
				PRODUCT_BUNDLE_IDENTIFIER = com.aufashiddiq.MovieDBTests;
				PRODUCT_NAME = "$(TARGET_NAME)";
				SWIFT_VERSION = 5.0;
				TARGETED_DEVICE_FAMILY = "1,2";
				TEST_HOST = "$(BUILT_PRODUCTS_DIR)/MovieDB.app/MovieDB";
			};
			name = Release;
		};
		E12CF5DD261F097B00E62181 /* Debug */ = {
			isa = XCBuildConfiguration;
			baseConfigurationReference = BF2AD52F3F6F6A04504EC26B /* Pods-MovieDB-MovieDBUITests.debug.xcconfig */;
			buildSettings = {
				ALWAYS_EMBED_SWIFT_STANDARD_LIBRARIES = YES;
				CODE_SIGN_STYLE = Automatic;
				DEVELOPMENT_TEAM = 26L7V32673;
				INFOPLIST_FILE = MovieDBUITests/Info.plist;
				LD_RUNPATH_SEARCH_PATHS = (
					"$(inherited)",
					"@executable_path/Frameworks",
					"@loader_path/Frameworks",
				);
				PRODUCT_BUNDLE_IDENTIFIER = com.aufashiddiq.MovieDBUITests;
				PRODUCT_NAME = "$(TARGET_NAME)";
				SWIFT_VERSION = 5.0;
				TARGETED_DEVICE_FAMILY = "1,2";
				TEST_TARGET_NAME = MovieDB;
			};
			name = Debug;
		};
		E12CF5DE261F097B00E62181 /* Release */ = {
			isa = XCBuildConfiguration;
			baseConfigurationReference = AB651E7A13898A972175DB6A /* Pods-MovieDB-MovieDBUITests.release.xcconfig */;
			buildSettings = {
				ALWAYS_EMBED_SWIFT_STANDARD_LIBRARIES = YES;
				CODE_SIGN_STYLE = Automatic;
				DEVELOPMENT_TEAM = 26L7V32673;
				INFOPLIST_FILE = MovieDBUITests/Info.plist;
				LD_RUNPATH_SEARCH_PATHS = (
					"$(inherited)",
					"@executable_path/Frameworks",
					"@loader_path/Frameworks",
				);
				PRODUCT_BUNDLE_IDENTIFIER = com.aufashiddiq.MovieDBUITests;
				PRODUCT_NAME = "$(TARGET_NAME)";
				SWIFT_VERSION = 5.0;
				TARGETED_DEVICE_FAMILY = "1,2";
				TEST_TARGET_NAME = MovieDB;
			};
			name = Release;
		};
/* End XCBuildConfiguration section */

/* Begin XCConfigurationList section */
		E12CF5A7261F097900E62181 /* Build configuration list for PBXProject "MovieDB" */ = {
			isa = XCConfigurationList;
			buildConfigurations = (
				E12CF5D4261F097B00E62181 /* Debug */,
				E12CF5D5261F097B00E62181 /* Release */,
			);
			defaultConfigurationIsVisible = 0;
			defaultConfigurationName = Release;
		};
		E12CF5D6261F097B00E62181 /* Build configuration list for PBXNativeTarget "MovieDB" */ = {
			isa = XCConfigurationList;
			buildConfigurations = (
				E12CF5D7261F097B00E62181 /* Debug */,
				E12CF5D8261F097B00E62181 /* Release */,
			);
			defaultConfigurationIsVisible = 0;
			defaultConfigurationName = Release;
		};
		E12CF5D9261F097B00E62181 /* Build configuration list for PBXNativeTarget "MovieDBTests" */ = {
			isa = XCConfigurationList;
			buildConfigurations = (
				E12CF5DA261F097B00E62181 /* Debug */,
				E12CF5DB261F097B00E62181 /* Release */,
			);
			defaultConfigurationIsVisible = 0;
			defaultConfigurationName = Release;
		};
		E12CF5DC261F097B00E62181 /* Build configuration list for PBXNativeTarget "MovieDBUITests" */ = {
			isa = XCConfigurationList;
			buildConfigurations = (
				E12CF5DD261F097B00E62181 /* Debug */,
				E12CF5DE261F097B00E62181 /* Release */,
			);
			defaultConfigurationIsVisible = 0;
			defaultConfigurationName = Release;
		};
/* End XCConfigurationList section */
	};
	rootObject = E12CF5A4261F097900E62181 /* Project object */;
}
